# THIS IS AN AUTOGENERATED FILE. DO NOT EDIT THIS FILE DIRECTLY.
# yarn lockfile v1


"@babel/runtime@^7.25.0":
  version "7.26.7"
  resolved "https://registry.npmjs.org/@babel/runtime/-/runtime-7.26.7.tgz"
  integrity sha512-AOPI3D+a8dXnja+iwsUqGRjr1BbZIe771sXdapOtYI531gSqpi92vXivKcq2asu/DFpdl1ceFAKZyRzK2PCVcQ==
  dependencies:
    regenerator-runtime "^0.14.0"

"@coral-xyz/anchor-errors@^0.31.1":
  version "0.31.1"
  resolved "https://registry.npmjs.org/@coral-xyz/anchor-errors/-/anchor-errors-0.31.1.tgz"
  integrity sha512-NhNEku4F3zzUSBtrYz84FzYWm48+9OvmT1Hhnwr6GnPQry2dsEqH/ti/7ASjjpoFTWRnPXrjAIT1qM6Isop+LQ==

"@coral-xyz/anchor@^0.31.1":
  version "0.31.1"
  resolved "https://registry.npmjs.org/@coral-xyz/anchor/-/anchor-0.31.1.tgz"
  integrity sha512-QUqpoEK+gi2S6nlYc2atgT2r41TT3caWr/cPUEL8n8Md9437trZ68STknq897b82p5mW0XrTBNOzRbmIRJtfsA==
  dependencies:
    "@coral-xyz/anchor-errors" "^0.31.1"
    "@coral-xyz/borsh" "^0.31.1"
    "@noble/hashes" "^1.3.1"
    "@solana/web3.js" "^1.69.0"
    bn.js "^5.1.2"
    bs58 "^4.0.1"
    buffer-layout "^1.2.2"
    camelcase "^6.3.0"
    cross-fetch "^3.1.5"
    eventemitter3 "^4.0.7"
    pako "^2.0.3"
    superstruct "^0.15.4"
    toml "^3.0.0"

"@coral-xyz/borsh@^0.31.1":
  version "0.31.1"
  resolved "https://registry.npmjs.org/@coral-xyz/borsh/-/borsh-0.31.1.tgz"
  integrity sha512-9N8AU9F0ubriKfNE3g1WF0/4dtlGXoBN/hd1PvbNBamBNwRgHxH4P+o3Zt7rSEloW1HUs6LfZEchlx9fW7POYw==
  dependencies:
    bn.js "^5.1.2"
    buffer-layout "^1.2.0"

"@isaacs/cliui@^8.0.2":
  version "8.0.2"
  resolved "https://registry.npmjs.org/@isaacs/cliui/-/cliui-8.0.2.tgz"
  integrity sha512-O8jcjabXaleOG9DQ0+ARXWZBTfnP4WNAqzuiJK7ll44AmxGKv/J2M4TPjxjY3znBCfvBXFzucm1twdyFybFqEA==
  dependencies:
    string-width "^5.1.2"
    string-width-cjs "npm:string-width@^4.2.0"
    strip-ansi "^7.0.1"
    strip-ansi-cjs "npm:strip-ansi@^6.0.1"
    wrap-ansi "^8.1.0"
    wrap-ansi-cjs "npm:wrap-ansi@^7.0.0"

"@magicblock-labs/ephemeral-rollups-sdk@0.2.1":
  version "0.2.1"
  resolved "https://registry.npmjs.org/@magicblock-labs/ephemeral-rollups-sdk/-/ephemeral-rollups-sdk-0.2.1.tgz"
  integrity sha512-s1j6kXLbg6hA5ysSkG1pGEutAdxPOymtl2I94pD5UVfWWILcR0rbqONOvNV1WKDGZbILqC1AjFl/7GJGRMKB5Q==
  dependencies:
    "@metaplex-foundation/beet" "^0.7.2"
    "@solana/web3.js" "^1.98.0"
    rpc-websockets "^9.0.4"

"@metaplex-foundation/beet-solana@^0.3.1":
  version "0.3.1"
  resolved "https://registry.npmjs.org/@metaplex-foundation/beet-solana/-/beet-solana-0.3.1.tgz"
  integrity sha512-tgyEl6dvtLln8XX81JyBvWjIiEcjTkUwZbrM5dIobTmoqMuGewSyk9CClno8qsMsFdB5T3jC91Rjeqmu/6xk2g==
  dependencies:
    "@metaplex-foundation/beet" ">=0.1.0"
    "@solana/web3.js" "^1.56.2"
    bs58 "^5.0.0"
    debug "^4.3.4"

"@metaplex-foundation/beet-solana@^0.4.0":
  version "0.4.1"
  resolved "https://registry.npmjs.org/@metaplex-foundation/beet-solana/-/beet-solana-0.4.1.tgz"
  integrity sha512-/6o32FNUtwK8tjhotrvU/vorP7umBuRFvBZrC6XCk51aKidBHe5LPVPA5AjGPbV3oftMfRuXPNd9yAGeEqeCDQ==
  dependencies:
    "@metaplex-foundation/beet" ">=0.1.0"
    "@solana/web3.js" "^1.56.2"
    bs58 "^5.0.0"
    debug "^4.3.4"

"@metaplex-foundation/beet@^0.7.1", "@metaplex-foundation/beet@^0.7.2", "@metaplex-foundation/beet@>=0.1.0":
  version "0.7.2"
  resolved "https://registry.npmjs.org/@metaplex-foundation/beet/-/beet-0.7.2.tgz"
  integrity sha512-K+g3WhyFxKPc0xIvcIjNyV1eaTVJTiuaHZpig7Xx0MuYRMoJLLvhLTnUXhFdR5Tu2l2QSyKwfyXDgZlzhULqFg==
  dependencies:
    ansicolors "^0.3.2"
    assert "^2.1.0"
    bn.js "^5.2.0"
    debug "^4.3.3"

"@metaplex-foundation/rustbin@^0.3.0":
  version "0.3.5"
  resolved "https://registry.npmjs.org/@metaplex-foundation/rustbin/-/rustbin-0.3.5.tgz"
  integrity sha512-m0wkRBEQB/8krwMwKBvFugufZtYwMXiGHud2cTDAv+aGXK4M90y0Hx67/wpu+AqqoQfdV8VM9YezUOHKD+Z5kA==
  dependencies:
    debug "^4.3.3"
    semver "^7.3.7"
    text-table "^0.2.0"
    toml "^3.0.0"

"@metaplex-foundation/solita@^0.20.1":
  version "0.20.1"
  resolved "https://registry.npmjs.org/@metaplex-foundation/solita/-/solita-0.20.1.tgz"
  integrity sha512-E2bHGzT6wA/sXWBLgJ50ZQNvukPnQlH6kRU6m6lmatJdEOjNWhR1lLI7ESIk/i4ZiSdHZkc/Q6ile8eIlXOzNQ==
  dependencies:
    "@metaplex-foundation/beet" "^0.7.1"
    "@metaplex-foundation/beet-solana" "^0.3.1"
    "@metaplex-foundation/rustbin" "^0.3.0"
    "@solana/web3.js" "^1.56.2"
    ansi-colors "^4.1.3"
    camelcase "^6.2.1"
    debug "^4.3.3"
    js-sha256 "^0.9.0"
    prettier "^2.5.1"
    snake-case "^3.0.4"
    spok "^1.4.3"

"@noble/curves@^1.4.2":
  version "1.8.1"
  resolved "https://registry.npmjs.org/@noble/curves/-/curves-1.8.1.tgz"
  integrity sha512-warwspo+UYUPep0Q+vtdVB4Ugn8GGQj8iyB3gnRWsztmUHTI3S1nhdiWNsPUGL0vud7JlRRk1XEu7Lq1KGTnMQ==
  dependencies:
    "@noble/hashes" "1.7.1"

"@noble/hashes@^1.3.1", "@noble/hashes@^1.4.0", "@noble/hashes@1.7.1":
  version "1.7.1"
  resolved "https://registry.npmjs.org/@noble/hashes/-/hashes-1.7.1.tgz"
  integrity sha512-B8XBPsn4vT/KJAGqDzbwztd+6Yte3P4V7iafm24bxgDe/mlRuK6xmWPuCNrKt2vDafZ8MfJLlchDG/vYafQEjQ==

"@pkgjs/parseargs@^0.11.0":
  version "0.11.0"
  resolved "https://registry.npmjs.org/@pkgjs/parseargs/-/parseargs-0.11.0.tgz"
  integrity sha512-+1VkjdD0QBLPodGrJUeqarH8VAIvQODIbwh9XpP5Syisf7YoQgsJKPNFoqqLQlu+VQ/tVSshMR6loPMn8U+dPg==

"@solana/buffer-layout@^4.0.1":
  version "4.0.1"
  resolved "https://registry.npmjs.org/@solana/buffer-layout/-/buffer-layout-4.0.1.tgz"
  integrity sha512-E1ImOIAD1tBZFRdjeM4/pzTiTApC0AOBGwyAMS4fwIodCWArzJ3DWdoh8cKxeFM2fElkxBh2Aqts1BPC373rHA==
  dependencies:
    buffer "~6.0.3"

"@solana/web3.js@^1.56.2", "@solana/web3.js@^1.69.0", "@solana/web3.js@^1.98.0":
  version "1.98.0"
  resolved "https://registry.npmjs.org/@solana/web3.js/-/web3.js-1.98.0.tgz"
  integrity sha512-nz3Q5OeyGFpFCR+erX2f6JPt3sKhzhYcSycBCSPkWjzSVDh/Rr1FqTVMRe58FKO16/ivTUcuJjeS5MyBvpkbzA==
  dependencies:
    "@babel/runtime" "^7.25.0"
    "@noble/curves" "^1.4.2"
    "@noble/hashes" "^1.4.0"
    "@solana/buffer-layout" "^4.0.1"
    agentkeepalive "^4.5.0"
    bigint-buffer "^1.1.5"
    bn.js "^5.2.1"
    borsh "^0.7.0"
    bs58 "^4.0.1"
    buffer "6.0.3"
    fast-stable-stringify "^1.0.0"
    jayson "^4.1.1"
    node-fetch "^2.7.0"
    rpc-websockets "^9.0.2"
    superstruct "^2.0.2"

"@swc/helpers@^0.5.11":
  version "0.5.15"
  resolved "https://registry.npmjs.org/@swc/helpers/-/helpers-0.5.15.tgz"
  integrity sha512-JQ5TuMi45Owi4/BIMAJBoSQoOJu12oOk/gADqlcUL9JEdHB8vyjUSsxqeNXnmXHjYKMi2WcYtezGEEhqUI/E2g==
  dependencies:
    tslib "^2.8.0"

"@types/connect@^3.4.33":
  version "3.4.38"
  resolved "https://registry.npmjs.org/@types/connect/-/connect-3.4.38.tgz"
  integrity sha512-K6uROf1LD88uDQqJCktA4yzL1YYAK6NgfsI0v/mTgyPKWsX1CnJ0XPSDhViejru1GcRkLWb8RlzFYJRqGUbaug==
  dependencies:
    "@types/node" "*"

"@types/node@*", "@types/node@^12.12.54":
  version "12.20.55"
  resolved "https://registry.npmjs.org/@types/node/-/node-12.20.55.tgz"
  integrity sha512-J8xLz7q2OFulZ2cyGTLE1TbbZcjpno7FaN6zdJNrgAdrJ+DZzh/uFR6YrTb4C+nXakvud8Q4+rbhoIWlYQbUFQ==

"@types/uuid@^8.3.4":
  version "8.3.4"
  resolved "https://registry.npmjs.org/@types/uuid/-/uuid-8.3.4.tgz"
  integrity sha512-c/I8ZRb51j+pYGAu5CrFMRxqZ2ke4y2grEBO5AUjgSkSk+qT2Ea+OdWElz/OiMf5MNpn2b17kuVBwZLQJXzihw==

"@types/ws@^7.4.4":
  version "7.4.7"
  resolved "https://registry.npmjs.org/@types/ws/-/ws-7.4.7.tgz"
  integrity sha512-JQbbmxZTZehdc2iszGKs5oC3NFnjeay7mtAWrdt7qNtAVK0g19muApzAy4bm9byz79xa2ZnO/BOBC2R8RC5Lww==
  dependencies:
    "@types/node" "*"

"@types/ws@^8.2.2":
  version "8.5.14"
  resolved "https://registry.npmjs.org/@types/ws/-/ws-8.5.14.tgz"
  integrity sha512-bd/YFLW+URhBzMXurx7lWByOu+xzU9+kb3RboOteXYDfW+tr+JZa99OyNmPINEGB/ahzKrEuc8rcv4gnpJmxTw==
  dependencies:
    "@types/node" "*"

agentkeepalive@^4.5.0:
  version "4.6.0"
  resolved "https://registry.npmjs.org/agentkeepalive/-/agentkeepalive-4.6.0.tgz"
  integrity sha512-kja8j7PjmncONqaTsB8fQ+wE2mSU2DJ9D4XKoJ5PFWIdRMa6SLSN1ff4mOr4jCbfRSsxR4keIiySJU0N9T5hIQ==
  dependencies:
    humanize-ms "^1.2.1"

ansi-colors@^4.1.3:
  version "4.1.3"
  resolved "https://registry.npmjs.org/ansi-colors/-/ansi-colors-4.1.3.tgz"
  integrity sha512-/6w/C21Pm1A7aZitlI5Ni/2J6FFQN8i1Cvz3kHABAAbw93v/NlvKdVOqz7CCWz/3iv/JplRSEEZ83XION15ovw==

ansi-regex@^5.0.1:
  version "5.0.1"
  resolved "https://registry.npmjs.org/ansi-regex/-/ansi-regex-5.0.1.tgz"
  integrity sha512-quJQXlTSUGL2LH9SUXo8VwsY4soanhgo6LNSm84E1LBcE8s3O0wpdiRzyR9z/ZZJMlMWv37qOOb9pdJlMUEKFQ==

ansi-regex@^6.0.1:
  version "6.1.0"
  resolved "https://registry.npmjs.org/ansi-regex/-/ansi-regex-6.1.0.tgz"
  integrity sha512-7HSX4QQb4CspciLpVFwyRe79O3xsIZDDLER21kERQ71oaPodF8jL725AgJMFAYbooIqolJoRLuM81SpeUkpkvA==

ansi-sequence-parser@^1.1.0:
  version "1.1.3"
  resolved "https://registry.npmjs.org/ansi-sequence-parser/-/ansi-sequence-parser-1.1.3.tgz"
  integrity sha512-+fksAx9eG3Ab6LDnLs3ZqZa8KVJ/jYnX+D4Qe1azX+LFGFAXqynCQLOdLpNYN/l9e7l6hMWwZbrnctqr6eSQSw==

ansi-styles@^4.0.0, ansi-styles@^4.1.0:
  version "4.3.0"
  resolved "https://registry.npmjs.org/ansi-styles/-/ansi-styles-4.3.0.tgz"
  integrity sha512-zbB9rCJAT1rbjiVDb2hqKFHNYLxgtk8NURxZ3IZwD3F6NtxbXZQCnnSi1Lkx+IDohdPlFp222wVALIheZJQSEg==
  dependencies:
    color-convert "^2.0.1"

ansi-styles@^6.1.0:
  version "6.2.1"
  resolved "https://registry.npmjs.org/ansi-styles/-/ansi-styles-6.2.1.tgz"
  integrity sha512-bN798gFfQX+viw3R7yrGWRqnrN2oRkEkUjjl4JNn4E8GxxbjtG3FbrEIIY3l8/hrwUwIeCZvi4QuOTP4MErVug==

ansicolors@^0.3.2, ansicolors@~0.3.2:
  version "0.3.2"
  resolved "https://registry.npmjs.org/ansicolors/-/ansicolors-0.3.2.tgz"
  integrity sha512-QXu7BPrP29VllRxH8GwB7x5iX5qWKAAMLqKQGWTeLWVlNHNOpVMJ91dsxQAIWXpjuW5wqvxu3Jd/nRjrJ+0pqg==

assert@^2.1.0:
  version "2.1.0"
  resolved "https://registry.npmjs.org/assert/-/assert-2.1.0.tgz"
  integrity sha512-eLHpSK/Y4nhMJ07gDaAzoX/XAKS8PSaojml3M0DM4JpV1LAi5JOJ/p6H/XWrl8L+DzVEvVCW1z3vWAaB9oTsQw==
  dependencies:
    call-bind "^1.0.2"
    is-nan "^1.3.2"
    object-is "^1.1.5"
    object.assign "^4.1.4"
    util "^0.12.5"

available-typed-arrays@^1.0.7:
  version "1.0.7"
  resolved "https://registry.npmjs.org/available-typed-arrays/-/available-typed-arrays-1.0.7.tgz"
  integrity sha512-wvUjBtSGN7+7SjNpq/9M2Tg350UZD3q62IFZLbRAR1bSMlCo1ZaeW+BJ+D090e4hIIZLBcTDWe4Mh4jvUDajzQ==
  dependencies:
    possible-typed-array-names "^1.0.0"

balanced-match@^1.0.0:
  version "1.0.2"
  resolved "https://registry.npmjs.org/balanced-match/-/balanced-match-1.0.2.tgz"
  integrity sha512-3oSeUO0TMV67hN1AmbXsK4yaqU7tjiHlbxRDZOpH0KW9+CeX4bRAaX0Anxt0tx2MrpRpWwQaPwIlISEJhYU5Pw==

base-x@^3.0.2:
  version "3.0.10"
  resolved "https://registry.npmjs.org/base-x/-/base-x-3.0.10.tgz"
  integrity sha512-7d0s06rR9rYaIWHkpfLIFICM/tkSVdoPC9qYAQRpxn9DdKNWNsKC0uk++akckyLq16Tx2WIinnZ6WRriAt6njQ==
  dependencies:
    safe-buffer "^5.0.1"

base-x@^4.0.0:
  version "4.0.0"
  resolved "https://registry.npmjs.org/base-x/-/base-x-4.0.0.tgz"
  integrity sha512-FuwxlW4H5kh37X/oW59pwTzzTKRzfrrQwhmyspRM7swOEZcHtDZSCt45U6oKgtuFE+WYPblePMVIPR4RZrh/hw==

base64-js@^1.3.1:
  version "1.5.1"
  resolved "https://registry.npmjs.org/base64-js/-/base64-js-1.5.1.tgz"
  integrity sha512-AKpaYlHn8t4SVbOHCy+b5+KKgvR4vrsD8vbvrbiQJps7fKDTkjkDry6ji0rUJjC0kzbNePLwzxq8iypo41qeWA==

bigint-buffer@^1.1.5:
  version "1.1.5"
  resolved "https://registry.npmjs.org/bigint-buffer/-/bigint-buffer-1.1.5.tgz"
  integrity sha512-trfYco6AoZ+rKhKnxA0hgX0HAbVP/s808/EuDSe2JDzUnCp/xAsli35Orvk67UrTEcwuxZqYZDmfA2RXJgxVvA==
  dependencies:
    bindings "^1.3.0"

bindings@^1.3.0:
  version "1.5.0"
  resolved "https://registry.npmjs.org/bindings/-/bindings-1.5.0.tgz"
  integrity sha512-p2q/t/mhvuOj/UeLlV6566GD/guowlr0hHxClI0W9m7MWYkL1F0hLo+0Aexs9HSPCtR1SXQ0TD3MMKrXZajbiQ==
  dependencies:
    file-uri-to-path "1.0.0"

bn.js@^5.1.2, bn.js@^5.2.0, bn.js@^5.2.1:
  version "5.2.1"
  resolved "https://registry.npmjs.org/bn.js/-/bn.js-5.2.1.tgz"
  integrity sha512-eXRvHzWyYPBuB4NBy0cmYQjGitUrtqwbvlzP3G6VFnNRbsZQIxQ10PbKKHt8gZ/HW/D/747aDl+QkDqg3KQLMQ==

borsh@^0.7.0:
  version "0.7.0"
  resolved "https://registry.npmjs.org/borsh/-/borsh-0.7.0.tgz"
  integrity sha512-CLCsZGIBCFnPtkNnieW/a8wmreDmfUtjU2m9yHrzPXIlNbqVs0AQrSatSG6vdNYUqdc83tkQi2eHfF98ubzQLA==
  dependencies:
    bn.js "^5.2.0"
    bs58 "^4.0.0"
    text-encoding-utf-8 "^1.0.2"

brace-expansion@^2.0.1:
  version "2.0.1"
  resolved "https://registry.npmjs.org/brace-expansion/-/brace-expansion-2.0.1.tgz"
  integrity sha512-XnAIvQ8eM+kC6aULx6wuQiwVsnzsi9d3WxzV3FpWTGA19F621kwdbsAcFKXgKUHZWsy+mY6iL1sHTxWEFCytDA==
  dependencies:
    balanced-match "^1.0.0"

bs58@^4.0.0, bs58@^4.0.1:
  version "4.0.1"
  resolved "https://registry.npmjs.org/bs58/-/bs58-4.0.1.tgz"
  integrity sha512-Ok3Wdf5vOIlBrgCvTq96gBkJw+JUEzdBgyaza5HLtPm7yTHkjRy8+JzNyHF7BHa0bNWOQIp3m5YF0nnFcOIKLw==
  dependencies:
    base-x "^3.0.2"

bs58@^5.0.0:
  version "5.0.0"
  resolved "https://registry.npmjs.org/bs58/-/bs58-5.0.0.tgz"
  integrity sha512-r+ihvQJvahgYT50JD05dyJNKlmmSlMoOGwn1lCcEzanPglg7TxYjioQUYehQ9mAR/+hOSd2jRc/Z2y5UxBymvQ==
  dependencies:
    base-x "^4.0.0"

buffer-layout@^1.2.0, buffer-layout@^1.2.2:
  version "1.2.2"
  resolved "https://registry.npmjs.org/buffer-layout/-/buffer-layout-1.2.2.tgz"
  integrity sha512-kWSuLN694+KTk8SrYvCqwP2WcgQjoRCiF5b4QDvkkz8EmgD+aWAIceGFKMIAdmF/pH+vpgNV3d3kAKorcdAmWA==

buffer@^6.0.3, buffer@~6.0.3, buffer@6.0.3:
  version "6.0.3"
  resolved "https://registry.npmjs.org/buffer/-/buffer-6.0.3.tgz"
  integrity sha512-FTiCpNxtwiZZHEZbcbTIcZjERVICn9yq/pDFkTl95/AxzD1naBctN7YO68riM/gLSDY7sdrMby8hofADYuuqOA==
  dependencies:
    base64-js "^1.3.1"
    ieee754 "^1.2.1"

bufferutil@^4.0.1:
  version "4.0.9"
  resolved "https://registry.npmjs.org/bufferutil/-/bufferutil-4.0.9.tgz"
  integrity sha512-WDtdLmJvAuNNPzByAYpRo2rF1Mmradw6gvWsQKf63476DDXmomT9zUiGypLcG4ibIM67vhAj8jJRdbmEws2Aqw==
  dependencies:
    node-gyp-build "^4.3.0"

call-bind-apply-helpers@^1.0.0, call-bind-apply-helpers@^1.0.1:
  version "1.0.1"
  resolved "https://registry.npmjs.org/call-bind-apply-helpers/-/call-bind-apply-helpers-1.0.1.tgz"
  integrity sha512-BhYE+WDaywFg2TBWYNXAE+8B1ATnThNBqXHP5nQu0jWJdVvY2hvkpyB3qOmtmDePiS5/BDQ8wASEWGMWRG148g==
  dependencies:
    es-errors "^1.3.0"
    function-bind "^1.1.2"

call-bind@^1.0.0, call-bind@^1.0.2, call-bind@^1.0.7, call-bind@^1.0.8:
  version "1.0.8"
  resolved "https://registry.npmjs.org/call-bind/-/call-bind-1.0.8.tgz"
  integrity sha512-oKlSFMcMwpUg2ednkhQ454wfWiU/ul3CkJe/PEHcTKuiX6RpbehUiFMXu13HalGZxfUwCQzZG747YXBn1im9ww==
  dependencies:
    call-bind-apply-helpers "^1.0.0"
    es-define-property "^1.0.0"
    get-intrinsic "^1.2.4"
    set-function-length "^1.2.2"

call-bound@^1.0.2, call-bound@^1.0.3:
  version "1.0.3"
  resolved "https://registry.npmjs.org/call-bound/-/call-bound-1.0.3.tgz"
  integrity sha512-YTd+6wGlNlPxSuri7Y6X8tY2dmm12UMH66RpKMhiX6rsk5wXXnYgbUcOt8kiS31/AjfoTOvCsE+w8nZQLQnzHA==
  dependencies:
    call-bind-apply-helpers "^1.0.1"
    get-intrinsic "^1.2.6"

camelcase@^6.2.1, camelcase@^6.3.0:
  version "6.3.0"
  resolved "https://registry.npmjs.org/camelcase/-/camelcase-6.3.0.tgz"
  integrity sha512-Gmy6FhYlCY7uOElZUSbxo2UCDH8owEk996gkbrpsgGtrJLM3J7jGxl9Ic7Qwwj4ivOE5AWZWRMecDdF7hqGjFA==

chalk@~4.1.2:
  version "4.1.2"
  resolved "https://registry.npmjs.org/chalk/-/chalk-4.1.2.tgz"
  integrity sha512-oKnbhFyRIXpUuez8iBMmyEa4nbj4IOQyuhc/wy9kY7/WVPcwIO9VA668Pu8RkO7+0G76SLROeyw9CpQ061i4mA==
  dependencies:
    ansi-styles "^4.1.0"
    supports-color "^7.1.0"

color-convert@^2.0.1:
  version "2.0.1"
  resolved "https://registry.npmjs.org/color-convert/-/color-convert-2.0.1.tgz"
  integrity sha512-RRECPsj7iu/xb5oKYcsFHSppFNnsj/52OVTRKb4zP5onXwVF3zVmmToNcOfGC+CRDpfK/U584fMg38ZHCaElKQ==
  dependencies:
    color-name "~1.1.4"

color-name@~1.1.4:
  version "1.1.4"
  resolved "https://registry.npmjs.org/color-name/-/color-name-1.1.4.tgz"
  integrity sha512-dOy+3AuW3a2wNbZHIuMZpTcgjGuLU/uBL/ubcZF9OXbDo8ff4O8yVp5Bf0efS8uEoYo5q4Fx7dY9OgQGXgAsQA==

commander@^12.1.0:
  version "12.1.0"
  resolved "https://registry.npmjs.org/commander/-/commander-12.1.0.tgz"
  integrity sha512-Vw8qHK3bZM9y/P10u3Vib8o/DdkvA2OtPtZvD871QKjy74Wj1WSKFILMPRPSdUSx5RFK1arlJzEtA4PkFgnbuA==

commander@^2.20.3:
  version "2.20.3"
  resolved "https://registry.npmjs.org/commander/-/commander-2.20.3.tgz"
  integrity sha512-GpVkmM8vF2vQUkj2LvZmD35JxeJOLCwJ9cUkugyk2nuhbv3+mJvpLYYt+0+USMxE+oj+ey/lJEnhZw75x/OMcQ==

cross-fetch@^3.1.5:
  version "3.2.0"
  resolved "https://registry.npmjs.org/cross-fetch/-/cross-fetch-3.2.0.tgz"
  integrity sha512-Q+xVJLoGOeIMXZmbUK4HYk+69cQH6LudR0Vu/pRm2YlU/hDV9CiS0gKUMaWY5f2NeUH9C1nV3bsTlCo0FsTV1Q==
  dependencies:
    node-fetch "^2.7.0"

cross-spawn@^7.0.0:
  version "7.0.6"
  resolved "https://registry.npmjs.org/cross-spawn/-/cross-spawn-7.0.6.tgz"
  integrity sha512-uV2QOWP2nWzsy2aMp8aRibhi9dlzF5Hgh5SHaB9OiTGEyDTiJJyx0uy51QXdyWbtAHNua4XJzUKca3OzKUd3vA==
  dependencies:
    path-key "^3.1.0"
    shebang-command "^2.0.0"
    which "^2.0.1"

debug@^4.3.3, debug@^4.3.4:
  version "4.4.0"
  resolved "https://registry.npmjs.org/debug/-/debug-4.4.0.tgz"
  integrity sha512-6WTZ/IxCY/T6BALoZHaE4ctp9xm+Z5kY/pzYaCHRFeyVhojxlrm+46y68HA6hr0TcwEssoxNiDEUJQjfPZ/RYA==
  dependencies:
    ms "^2.1.3"

define-data-property@^1.0.1, define-data-property@^1.1.4:
  version "1.1.4"
  resolved "https://registry.npmjs.org/define-data-property/-/define-data-property-1.1.4.tgz"
  integrity sha512-rBMvIzlpA8v6E+SJZoo++HAYqsLrkg7MSfIinMPFhmkorw7X+dOXVJQs+QT69zGkzMyfDnIMN2Wid1+NbL3T+A==
  dependencies:
    es-define-property "^1.0.0"
    es-errors "^1.3.0"
    gopd "^1.0.1"

define-properties@^1.1.3, define-properties@^1.2.1:
  version "1.2.1"
  resolved "https://registry.npmjs.org/define-properties/-/define-properties-1.2.1.tgz"
  integrity sha512-8QmQKqEASLd5nx0U1B1okLElbUuuttJ/AnYmRXbbbGDWh6uS208EjD4Xqq/I9wK7u0v6O08XhTWnt5XtEbR6Dg==
  dependencies:
    define-data-property "^1.0.1"
    has-property-descriptors "^1.0.0"
    object-keys "^1.1.1"

delay@^5.0.0:
  version "5.0.0"
  resolved "https://registry.npmjs.org/delay/-/delay-5.0.0.tgz"
  integrity sha512-ReEBKkIfe4ya47wlPYf/gu5ib6yUG0/Aez0JQZQz94kiWtRQvZIQbTiehsnwHvLSWJnQdhVeqYue7Id1dKr0qw==

dot-case@^3.0.4:
  version "3.0.4"
  resolved "https://registry.npmjs.org/dot-case/-/dot-case-3.0.4.tgz"
  integrity sha512-Kv5nKlh6yRrdrGvxeJ2e5y2eRUpkUosIW4A2AS38zwSz27zu7ufDwQPi5Jhs3XAlGNetl3bmnGhQsMtkKJnj3w==
  dependencies:
    no-case "^3.0.4"
    tslib "^2.0.3"

dunder-proto@^1.0.1:
  version "1.0.1"
  resolved "https://registry.npmjs.org/dunder-proto/-/dunder-proto-1.0.1.tgz"
  integrity sha512-KIN/nDJBQRcXw0MLVhZE9iQHmG68qAVIBg9CqmUYjmQIhgij9U5MFvrqkUL5FbtyyzZuOeOt0zdeRe4UY7ct+A==
  dependencies:
    call-bind-apply-helpers "^1.0.1"
    es-errors "^1.3.0"
    gopd "^1.2.0"

eastasianwidth@^0.2.0:
  version "0.2.0"
  resolved "https://registry.npmjs.org/eastasianwidth/-/eastasianwidth-0.2.0.tgz"
  integrity sha512-I88TYZWc9XiYHRQ4/3c5rjjfgkjhLyW2luGIheGERbNQ6OY7yTybanSpDXZa8y7VUP9YmDcYa+eyq4ca7iLqWA==

emoji-regex@^8.0.0:
  version "8.0.0"
  resolved "https://registry.npmjs.org/emoji-regex/-/emoji-regex-8.0.0.tgz"
  integrity sha512-MSjYzcWNOA0ewAHpz0MxpYFvwg6yjy1NG3xteoqz644VCo/RPgnr1/GGt+ic3iJTzQ8Eu3TdM14SawnVUmGE6A==

emoji-regex@^9.2.2:
  version "9.2.2"
  resolved "https://registry.npmjs.org/emoji-regex/-/emoji-regex-9.2.2.tgz"
  integrity sha512-L18DaJsXSUk2+42pv8mLs5jJT2hqFkFE4j21wOmgbUqsZ2hL72NsUU785g9RXgo3s0ZNgVl42TiHp3ZtOv/Vyg==

es-define-property@^1.0.0, es-define-property@^1.0.1:
  version "1.0.1"
  resolved "https://registry.npmjs.org/es-define-property/-/es-define-property-1.0.1.tgz"
  integrity sha512-e3nRfgfUZ4rNGL232gUgX06QNyyez04KdjFrF+LTRoOXmrOgFKDg4BCdsjW8EnT69eqdYGmRpJwiPVYNrCaW3g==

es-errors@^1.3.0:
  version "1.3.0"
  resolved "https://registry.npmjs.org/es-errors/-/es-errors-1.3.0.tgz"
  integrity sha512-Zf5H2Kxt2xjTvbJvP2ZWLEICxA6j+hAmMzIlypy4xcBg1vKVnx89Wy0GbS+kf5cwCVFFzdCFh2XSCFNULS6csw==

es-object-atoms@^1.0.0:
  version "1.1.1"
  resolved "https://registry.npmjs.org/es-object-atoms/-/es-object-atoms-1.1.1.tgz"
  integrity sha512-FGgH2h8zKNim9ljj7dankFPcICIK9Cp5bm+c2gQSYePhpaG5+esrLODihIorn+Pe6FGJzWhXQotPv73jTaldXA==
  dependencies:
    es-errors "^1.3.0"

es6-promise@^4.0.3:
  version "4.2.8"
  resolved "https://registry.npmjs.org/es6-promise/-/es6-promise-4.2.8.tgz"
  integrity sha512-HJDGx5daxeIvxdBxvG2cb9g4tEvwIk3i8+nhX0yGrYmZUzbkdg8QbDevheDB8gd0//uPj4c1EQua8Q+MViT0/w==

es6-promisify@^5.0.0:
  version "5.0.0"
  resolved "https://registry.npmjs.org/es6-promisify/-/es6-promisify-5.0.0.tgz"
  integrity sha512-C+d6UdsYDk0lMebHNR4S2NybQMMngAOnOwYBQjTOiv0MkoJMP0Myw2mgpDLBcpfCmRLxyFqYhS/CfOENq4SJhQ==
  dependencies:
    es6-promise "^4.0.3"

eventemitter3@^4.0.7:
  version "4.0.7"
  resolved "https://registry.npmjs.org/eventemitter3/-/eventemitter3-4.0.7.tgz"
  integrity sha512-8guHBZCwKnFhYdHr2ysuRWErTwhoN2X8XELRlrRwpmfeY2jjuUN4taQMsULKUVo1K4DvZl+0pgfyoysHxvmvEw==

eventemitter3@^5.0.1:
  version "5.0.1"
  resolved "https://registry.npmjs.org/eventemitter3/-/eventemitter3-5.0.1.tgz"
  integrity sha512-GWkBvjiSZK87ELrYOSESUYeVIc9mvLLf/nXalMOS5dYrgZq9o5OVkbZAVM06CVxYsCwH9BDZFPlQTlPA1j4ahA==

eyes@^0.1.8:
  version "0.1.8"
  resolved "https://registry.npmjs.org/eyes/-/eyes-0.1.8.tgz"
  integrity sha512-GipyPsXO1anza0AOZdy69Im7hGFCNB7Y/NGjDlZGJ3GJJLtwNSb2vrzYrTYJRrRloVx7pl+bhUaTB8yiccPvFQ==

fast-stable-stringify@^1.0.0:
  version "1.0.0"
  resolved "https://registry.npmjs.org/fast-stable-stringify/-/fast-stable-stringify-1.0.0.tgz"
  integrity sha512-wpYMUmFu5f00Sm0cj2pfivpmawLZ0NKdviQ4w9zJeR8JVtOpOxHmLaJuj0vxvGqMJQWyP/COUkF75/57OKyRag==

file-uri-to-path@1.0.0:
  version "1.0.0"
  resolved "https://registry.npmjs.org/file-uri-to-path/-/file-uri-to-path-1.0.0.tgz"
  integrity sha512-0Zt+s3L7Vf1biwWZ29aARiVYLx7iMGnEUl9x33fbB/j3jR81u/O2LbqK+Bm1CDSNDKVtJ/YjwY7TUd5SkeLQLw==

find-process@^1.4.7:
  version "1.4.10"
  resolved "https://registry.npmjs.org/find-process/-/find-process-1.4.10.tgz"
  integrity sha512-ncYFnWEIwL7PzmrK1yZtaccN8GhethD37RzBHG6iOZoFYB4vSmLLXfeWJjeN5nMvCJMjOtBvBBF8OgxEcikiZg==
  dependencies:
    chalk "~4.1.2"
    commander "^12.1.0"
    loglevel "^1.9.2"

for-each@^0.3.3:
  version "0.3.5"
  resolved "https://registry.npmjs.org/for-each/-/for-each-0.3.5.tgz"
  integrity sha512-dKx12eRCVIzqCxFGplyFKJMPvLEWgmNtUrpTiJIR5u97zEhRG8ySrtboPHZXx7daLxQVrl643cTzbab2tkQjxg==
  dependencies:
    is-callable "^1.2.7"

foreground-child@^3.1.0:
  version "3.3.0"
  resolved "https://registry.npmjs.org/foreground-child/-/foreground-child-3.3.0.tgz"
  integrity sha512-Ld2g8rrAyMYFXBhEqMz8ZAHBi4J4uS1i/CxGMDnjyFWddMXLVcDp051DZfu+t7+ab7Wv6SMqpWmyFIj5UbfFvg==
  dependencies:
    cross-spawn "^7.0.0"
    signal-exit "^4.0.1"

function-bind@^1.1.2:
  version "1.1.2"
  resolved "https://registry.npmjs.org/function-bind/-/function-bind-1.1.2.tgz"
  integrity sha512-7XHNxH7qX9xG5mIwxkhumTox/MIRNcOgDrxWsMt2pAr23WHp6MrRlN7FBSFpCpr+oVO0F744iUgR82nJMfG2SA==

get-intrinsic@^1.2.4, get-intrinsic@^1.2.6:
  version "1.2.7"
  resolved "https://registry.npmjs.org/get-intrinsic/-/get-intrinsic-1.2.7.tgz"
  integrity sha512-VW6Pxhsrk0KAOqs3WEd0klDiF/+V7gQOpAvY1jVU/LHmaD/kQO4523aiJuikX/QAKYiW6x8Jh+RJej1almdtCA==
  dependencies:
    call-bind-apply-helpers "^1.0.1"
    es-define-property "^1.0.1"
    es-errors "^1.3.0"
    es-object-atoms "^1.0.0"
    function-bind "^1.1.2"
    get-proto "^1.0.0"
    gopd "^1.2.0"
    has-symbols "^1.1.0"
    hasown "^2.0.2"
    math-intrinsics "^1.1.0"

get-proto@^1.0.0:
  version "1.0.1"
  resolved "https://registry.npmjs.org/get-proto/-/get-proto-1.0.1.tgz"
  integrity sha512-sTSfBjoXBp89JvIKIefqw7U2CCebsc74kiY6awiGogKtoSGbgjYE/G/+l9sF3MWFPNc9IcoOC4ODfKHfxFmp0g==
  dependencies:
    dunder-proto "^1.0.1"
    es-object-atoms "^1.0.0"

glob@^10.3.7:
  version "10.4.5"
  resolved "https://registry.npmjs.org/glob/-/glob-10.4.5.tgz"
  integrity sha512-7Bv8RF0k6xjo7d4A/PxYLbUCfb6c+Vpd2/mB2yRDlew7Jb5hEXiCD9ibfO7wpk8i4sevK6DFny9h7EYbM3/sHg==
  dependencies:
    foreground-child "^3.1.0"
    jackspeak "^3.1.2"
    minimatch "^9.0.4"
    minipass "^7.1.2"
    package-json-from-dist "^1.0.0"
    path-scurry "^1.11.1"

gopd@^1.0.1, gopd@^1.2.0:
  version "1.2.0"
  resolved "https://registry.npmjs.org/gopd/-/gopd-1.2.0.tgz"
  integrity sha512-ZUKRh6/kUFoAiTAtTYPZJ3hw9wNxx+BIBOijnlG9PnrJsCcSjs1wyyD6vJpaYtgnzDrKYRSqf3OO6Rfa93xsRg==

handlebars@^4.7.7:
  version "4.7.8"
  resolved "https://registry.npmjs.org/handlebars/-/handlebars-4.7.8.tgz"
  integrity sha512-vafaFqs8MZkRrSX7sFVUdo3ap/eNiLnb4IakshzvP56X5Nr1iGKAIqdX6tMlm6HcNRIkr6AxO5jFEoJzzpT8aQ==
  dependencies:
    minimist "^1.2.5"
    neo-async "^2.6.2"
    source-map "^0.6.1"
    wordwrap "^1.0.0"
  optionalDependencies:
    uglify-js "^3.1.4"

has-flag@^4.0.0:
  version "4.0.0"
  resolved "https://registry.npmjs.org/has-flag/-/has-flag-4.0.0.tgz"
  integrity sha512-EykJT/Q1KjTWctppgIAgfSO0tKVuZUjhgMr17kqTumMl6Afv3EISleU7qZUzoXDFTAHTDC4NOoG/ZxU3EvlMPQ==

has-property-descriptors@^1.0.0, has-property-descriptors@^1.0.2:
  version "1.0.2"
  resolved "https://registry.npmjs.org/has-property-descriptors/-/has-property-descriptors-1.0.2.tgz"
  integrity sha512-55JNKuIW+vq4Ke1BjOTjM2YctQIvCT7GFzHwmfZPGo5wnrgkid0YQtnAleFSqumZm4az3n2BS+erby5ipJdgrg==
  dependencies:
    es-define-property "^1.0.0"

has-symbols@^1.0.3, has-symbols@^1.1.0:
  version "1.1.0"
  resolved "https://registry.npmjs.org/has-symbols/-/has-symbols-1.1.0.tgz"
  integrity sha512-1cDNdwJ2Jaohmb3sg4OmKaMBwuC48sYni5HUw2DvsC8LjGTLK9h+eb1X6RyuOHe4hT0ULCW68iomhjUoKUqlPQ==

has-tostringtag@^1.0.2:
  version "1.0.2"
  resolved "https://registry.npmjs.org/has-tostringtag/-/has-tostringtag-1.0.2.tgz"
  integrity sha512-NqADB8VjPFLM2V0VvHUewwwsw0ZWBaIdgo+ieHtK3hasLz4qeCRjYcqfB6AQrBggRKppKF8L52/VqdVsO47Dlw==
  dependencies:
    has-symbols "^1.0.3"

hasown@^2.0.2:
  version "2.0.2"
  resolved "https://registry.npmjs.org/hasown/-/hasown-2.0.2.tgz"
  integrity sha512-0hJU9SCPvmMzIBdZFqNPXWa6dqh7WdH0cII9y+CyS8rG3nL48Bclra9HmKhVVUHyPWNH5Y7xDwAB7bfgSjkUMQ==
  dependencies:
    function-bind "^1.1.2"

humanize-ms@^1.2.1:
  version "1.2.1"
  resolved "https://registry.npmjs.org/humanize-ms/-/humanize-ms-1.2.1.tgz"
  integrity sha512-Fl70vYtsAFb/C06PTS9dZBo7ihau+Tu/DNCk/OyHhea07S+aeMWpFFkUaXRa8fI+ScZbEI8dfSxwY7gxZ9SAVQ==
  dependencies:
    ms "^2.0.0"

ieee754@^1.2.1:
  version "1.2.1"
  resolved "https://registry.npmjs.org/ieee754/-/ieee754-1.2.1.tgz"
  integrity sha512-dcyqhDvX1C46lXZcVqCpK+FtMRQVdIMN6/Df5js2zouUsqG7I6sFxitIC+7KYK29KdXOLHdu9zL4sFnoVQnqaA==

inherits@^2.0.3:
  version "2.0.4"
  resolved "https://registry.npmjs.org/inherits/-/inherits-2.0.4.tgz"
  integrity sha512-k/vGaX4/Yla3WzyMCvTQOXYeIHvqOKtnqBduzTHpzpQZzAskKMhZ2K+EnBiSM9zGSoIFeMpXKxa4dYeZIQqewQ==

is-arguments@^1.0.4:
  version "1.2.0"
  resolved "https://registry.npmjs.org/is-arguments/-/is-arguments-1.2.0.tgz"
  integrity sha512-7bVbi0huj/wrIAOzb8U1aszg9kdi3KN/CyU19CTI7tAoZYEZoL9yCDXpbXN+uPsuWnP02cyug1gleqq+TU+YCA==
  dependencies:
    call-bound "^1.0.2"
    has-tostringtag "^1.0.2"

is-callable@^1.2.7:
  version "1.2.7"
  resolved "https://registry.npmjs.org/is-callable/-/is-callable-1.2.7.tgz"
  integrity sha512-1BC0BVFhS/p0qtw6enp8e+8OD0UrK0oFLztSjNzhcKA3WDuJxxAPXzPuPtKkjEY9UUoEWlX/8fgKeu2S8i9JTA==

is-fullwidth-code-point@^3.0.0:
  version "3.0.0"
  resolved "https://registry.npmjs.org/is-fullwidth-code-point/-/is-fullwidth-code-point-3.0.0.tgz"
  integrity sha512-zymm5+u+sCsSWyD9qNaejV3DFvhCKclKdizYaJUuHA83RLjb7nSuGnddCHGv0hk+KY7BMAlsWeK4Ueg6EV6XQg==

is-generator-function@^1.0.7:
  version "1.1.0"
  resolved "https://registry.npmjs.org/is-generator-function/-/is-generator-function-1.1.0.tgz"
  integrity sha512-nPUB5km40q9e8UfN/Zc24eLlzdSf9OfKByBw9CIdw4H1giPMeA0OIJvbchsCu4npfI2QcMVBsGEBHKZ7wLTWmQ==
  dependencies:
    call-bound "^1.0.3"
    get-proto "^1.0.0"
    has-tostringtag "^1.0.2"
    safe-regex-test "^1.1.0"

is-nan@^1.3.2:
  version "1.3.2"
  resolved "https://registry.npmjs.org/is-nan/-/is-nan-1.3.2.tgz"
  integrity sha512-E+zBKpQ2t6MEo1VsonYmluk9NxGrbzpeeLC2xIViuO2EjU2xsXsBPwTr3Ykv9l08UYEVEdWeRZNouaZqF6RN0w==
  dependencies:
    call-bind "^1.0.0"
    define-properties "^1.1.3"

is-regex@^1.2.1:
  version "1.2.1"
  resolved "https://registry.npmjs.org/is-regex/-/is-regex-1.2.1.tgz"
  integrity sha512-MjYsKHO5O7mCsmRGxWcLWheFqN9DJ/2TmngvjKXihe6efViPqc274+Fx/4fYj/r03+ESvBdTXK0V6tA3rgez1g==
  dependencies:
    call-bound "^1.0.2"
    gopd "^1.2.0"
    has-tostringtag "^1.0.2"
    hasown "^2.0.2"

is-typed-array@^1.1.3:
  version "1.1.15"
  resolved "https://registry.npmjs.org/is-typed-array/-/is-typed-array-1.1.15.tgz"
  integrity sha512-p3EcsicXjit7SaskXHs1hA91QxgTw46Fv6EFKKGS5DRFLD8yKnohjF3hxoju94b/OcMZoQukzpPpBE9uLVKzgQ==
  dependencies:
    which-typed-array "^1.1.16"

isexe@^2.0.0:
  version "2.0.0"
  resolved "https://registry.npmjs.org/isexe/-/isexe-2.0.0.tgz"
  integrity sha512-RHxMLp9lnKHGHRng9QFhRCMbYAcVpn69smSGcq3f36xjgVVWThj4qqLbTLlq7Ssj8B+fIQ1EuCEGI2lKsyQeIw==

isomorphic-ws@^4.0.1:
  version "4.0.1"
  resolved "https://registry.npmjs.org/isomorphic-ws/-/isomorphic-ws-4.0.1.tgz"
  integrity sha512-BhBvN2MBpWTaSHdWRb/bwdZJ1WaehQ2L1KngkCkfLUGF0mAWAT1sQUQacEmQ0jXkFw/czDXPNQSL5u2/Krsz1w==

jackspeak@^3.1.2:
  version "3.4.3"
  resolved "https://registry.npmjs.org/jackspeak/-/jackspeak-3.4.3.tgz"
  integrity sha512-OGlZQpz2yfahA/Rd1Y8Cd9SIEsqvXkLVoSw/cgwhnhFMDbsQFeZYoJJ7bIZBS9BcamUW96asq/npPWugM+RQBw==
  dependencies:
    "@isaacs/cliui" "^8.0.2"
  optionalDependencies:
    "@pkgjs/parseargs" "^0.11.0"

jayson@^4.1.1:
  version "4.1.3"
  resolved "https://registry.npmjs.org/jayson/-/jayson-4.1.3.tgz"
  integrity sha512-LtXh5aYZodBZ9Fc3j6f2w+MTNcnxteMOrb+QgIouguGOulWi0lieEkOUg+HkjjFs0DGoWDds6bi4E9hpNFLulQ==
  dependencies:
    "@types/connect" "^3.4.33"
    "@types/node" "^12.12.54"
    "@types/ws" "^7.4.4"
    commander "^2.20.3"
    delay "^5.0.0"
    es6-promisify "^5.0.0"
    eyes "^0.1.8"
    isomorphic-ws "^4.0.1"
    json-stringify-safe "^5.0.1"
    JSONStream "^1.3.5"
    uuid "^8.3.2"
    ws "^7.5.10"

js-sha256@^0.9.0:
  version "0.9.0"
  resolved "https://registry.npmjs.org/js-sha256/-/js-sha256-0.9.0.tgz"
  integrity sha512-sga3MHh9sgQN2+pJ9VYZ+1LPwXOxuBJBA5nrR5/ofPfuiJBE2hnjsaN8se8JznOmGLN2p49Pe5U/ttafcs/apA==

json-stringify-safe@^5.0.1:
  version "5.0.1"
  resolved "https://registry.npmjs.org/json-stringify-safe/-/json-stringify-safe-5.0.1.tgz"
  integrity sha512-ZClg6AaYvamvYEE82d3Iyd3vSSIjQ+odgjaTzRuO3s7toCdFKczob2i0zCh7JE8kWn17yvAWhUVxvqGwUalsRA==

jsonc-parser@^3.2.0:
  version "3.3.1"
  resolved "https://registry.npmjs.org/jsonc-parser/-/jsonc-parser-3.3.1.tgz"
  integrity sha512-HUgH65KyejrUFPvHFPbqOY0rsFip3Bo5wb4ngvdi1EpCYWUQDC5V+Y7mZws+DLkr4M//zQJoanu1SP+87Dv1oQ==

jsonparse@^1.2.0:
  version "1.3.1"
  resolved "https://registry.npmjs.org/jsonparse/-/jsonparse-1.3.1.tgz"
  integrity sha512-POQXvpdL69+CluYsillJ7SUhKvytYjW9vG/GKpnf+xP8UWgYEM/RaMzHHofbALDiKbbP1W8UEYmgGl39WkPZsg==

JSONStream@^1.3.5:
  version "1.3.5"
  resolved "https://registry.npmjs.org/JSONStream/-/JSONStream-1.3.5.tgz"
  integrity sha512-E+iruNOY8VV9s4JEbe1aNEm6MiszPRr/UfcHMz0TQh1BXSxHK+ASV1R6W4HpjBhSeS+54PIsAMCBmwD06LLsqQ==
  dependencies:
    jsonparse "^1.2.0"
    through ">=2.2.7 <3"

loglevel@^1.9.2:
  version "1.9.2"
  resolved "https://registry.npmjs.org/loglevel/-/loglevel-1.9.2.tgz"
  integrity sha512-HgMmCqIJSAKqo68l0rS2AanEWfkxaZ5wNiEFb5ggm08lDs9Xl2KxBlX3PTcaD2chBM1gXAYf491/M2Rv8Jwayg==

lower-case@^2.0.2:
  version "2.0.2"
  resolved "https://registry.npmjs.org/lower-case/-/lower-case-2.0.2.tgz"
  integrity sha512-7fm3l3NAF9WfN6W3JOmf5drwpVqX78JtoGJ3A6W0a6ZnldM41w2fV5D490psKFTpMds8TJse/eHLFFsNHHjHgg==
  dependencies:
    tslib "^2.0.3"

lru-cache@^10.2.0:
  version "10.4.3"
  resolved "https://registry.npmjs.org/lru-cache/-/lru-cache-10.4.3.tgz"
  integrity sha512-JNAzZcXrCt42VGLuYz0zfAzDfAvJWW6AfYlDBQyDV5DClI2m5sAmK+OIO7s59XfsRsWHp02jAJrRadPRGTt6SQ==

lunr@^2.3.9:
  version "2.3.9"
  resolved "https://registry.npmjs.org/lunr/-/lunr-2.3.9.tgz"
  integrity sha512-zTU3DaZaF3Rt9rhN3uBMGQD3dD2/vFQqnvZCDv4dl5iOzq2IZQqTxu90r4E5J+nP70J3ilqVCrbho2eWaeW8Ow==

marked@^4.3.0:
  version "4.3.0"
  resolved "https://registry.npmjs.org/marked/-/marked-4.3.0.tgz"
  integrity sha512-PRsaiG84bK+AMvxziE/lCFss8juXjNaWzVbN5tXAm4XjeaS9NAHhop+PjQxz2A9h8Q4M/xGmzP8vqNwy6JeK0A==

math-intrinsics@^1.1.0:
  version "1.1.0"
  resolved "https://registry.npmjs.org/math-intrinsics/-/math-intrinsics-1.1.0.tgz"
  integrity sha512-/IXtbwEk5HTPyEwyKX6hGkYXxM9nbj64B+ilVJnC/R6B0pH5G4V3b0pVbL7DBj4tkhBAppbQUlf6F6Xl9LHu1g==

minimatch@^9.0.3, minimatch@^9.0.4:
  version "9.0.5"
  resolved "https://registry.npmjs.org/minimatch/-/minimatch-9.0.5.tgz"
  integrity sha512-G6T0ZX48xgozx7587koeX9Ys2NYy6Gmv//P89sEte9V9whIapMNF4idKxnW2QtCcLiTWlb/wfCabAtAFWhhBow==
  dependencies:
    brace-expansion "^2.0.1"

minimist@^1.2.5:
  version "1.2.8"
  resolved "https://registry.npmjs.org/minimist/-/minimist-1.2.8.tgz"
  integrity sha512-2yyAR8qBkN3YuheJanUpWC5U3bb5osDywNB8RzDVlDwDHbocAJveqqj1u8+SVD7jkWT4yvsHCpWqqWqAxb0zCA==

"minipass@^5.0.0 || ^6.0.2 || ^7.0.0", minipass@^7.1.2:
  version "7.1.2"
  resolved "https://registry.npmjs.org/minipass/-/minipass-7.1.2.tgz"
  integrity sha512-qOOzS1cBTWYF4BH8fVePDBOO9iptMnGUEZwNc/cMWnTV2nVLZ7VoNWEPHkYczZA0pdoA7dl6e7FL659nX9S2aw==

ms@^2.0.0, ms@^2.1.3:
  version "2.1.3"
  resolved "https://registry.npmjs.org/ms/-/ms-2.1.3.tgz"
  integrity sha512-6FlzubTLZG3J2a/NVCAleEhjzq5oxgHyaCU9yYXvcLsvoVaHJq/s5xXI6/XXP6tz7R9xAOtHnSO/tXtF3WRTlA==

neo-async@^2.6.2:
  version "2.6.2"
  resolved "https://registry.npmjs.org/neo-async/-/neo-async-2.6.2.tgz"
  integrity sha512-Yd3UES5mWCSqR+qNT93S3UoYUkqAZ9lLg8a7g9rimsWmYGK8cVToA4/sF3RrshdyV3sAGMXVUmpMYOw+dLpOuw==

no-case@^3.0.4:
  version "3.0.4"
  resolved "https://registry.npmjs.org/no-case/-/no-case-3.0.4.tgz"
  integrity sha512-fgAN3jGAh+RoxUGZHTSOLJIqUc2wmoBwGR4tbpNAKmmovFoWq0OdRkb0VkldReO2a2iBT/OEulG9XSUc10r3zg==
  dependencies:
    lower-case "^2.0.2"
    tslib "^2.0.3"

node-fetch@^2.7.0:
  version "2.7.0"
  resolved "https://registry.npmjs.org/node-fetch/-/node-fetch-2.7.0.tgz"
  integrity sha512-c4FRfUm/dbcWZ7U+1Wq0AwCyFL+3nt2bEw05wfxSz+DWpWsitgmSgYmy2dQdWyKC1694ELPqMs/YzUSNozLt8A==
  dependencies:
    whatwg-url "^5.0.0"

node-gyp-build@^4.3.0:
  version "4.8.4"
  resolved "https://registry.npmjs.org/node-gyp-build/-/node-gyp-build-4.8.4.tgz"
  integrity sha512-LA4ZjwlnUblHVgq0oBF3Jl/6h/Nvs5fzBLwdEF4nuxnFdsfajde4WfxtJr3CaiH+F6ewcIB/q4jQ4UzPyid+CQ==

object-is@^1.1.5:
  version "1.1.6"
  resolved "https://registry.npmjs.org/object-is/-/object-is-1.1.6.tgz"
  integrity sha512-F8cZ+KfGlSGi09lJT7/Nd6KJZ9ygtvYC0/UYYLI9nmQKLMnydpB9yvbv9K1uSkEu7FU9vYPmVwLg328tX+ot3Q==
  dependencies:
    call-bind "^1.0.7"
    define-properties "^1.2.1"

object-keys@^1.1.1:
  version "1.1.1"
  resolved "https://registry.npmjs.org/object-keys/-/object-keys-1.1.1.tgz"
  integrity sha512-NuAESUOUMrlIXOfHKzD6bpPu3tYt3xvjNdRIQ+FeT0lNb4K8WR70CaDxhuNguS2XG+GjkyMwOzsN5ZktImfhLA==

object.assign@^4.1.4:
  version "4.1.7"
  resolved "https://registry.npmjs.org/object.assign/-/object.assign-4.1.7.tgz"
  integrity sha512-nK28WOo+QIjBkDduTINE4JkF/UJJKyf2EJxvJKfblDpyg0Q+pkOHNTL0Qwy6NP6FhE/EnzV73BxxqcJaXY9anw==
  dependencies:
    call-bind "^1.0.8"
    call-bound "^1.0.3"
    define-properties "^1.2.1"
    es-object-atoms "^1.0.0"
    has-symbols "^1.1.0"
    object-keys "^1.1.1"

package-json-from-dist@^1.0.0:
  version "1.0.1"
  resolved "https://registry.npmjs.org/package-json-from-dist/-/package-json-from-dist-1.0.1.tgz"
  integrity sha512-UEZIS3/by4OC8vL3P2dTXRETpebLI2NiI5vIrjaD/5UtrkFX/tNbwjTSRAGC/+7CAo2pIcBaRgWmcBBHcsaCIw==

pako@^2.0.3:
  version "2.1.0"
  resolved "https://registry.npmjs.org/pako/-/pako-2.1.0.tgz"
  integrity sha512-w+eufiZ1WuJYgPXbV/PO3NCMEc3xqylkKHzp8bxp1uW4qaSNQUkwmLLEc3kKsfz8lpV1F8Ht3U1Cm+9Srog2ug==

path-key@^3.1.0:
  version "3.1.1"
  resolved "https://registry.npmjs.org/path-key/-/path-key-3.1.1.tgz"
  integrity sha512-ojmeN0qd+y0jszEtoY48r0Peq5dwMEkIlCOu6Q5f41lfkswXuKtYrhgoTpLnyIcHm24Uhqx+5Tqm2InSwLhE6Q==

path-scurry@^1.11.1:
  version "1.11.1"
  resolved "https://registry.npmjs.org/path-scurry/-/path-scurry-1.11.1.tgz"
  integrity sha512-Xa4Nw17FS9ApQFJ9umLiJS4orGjm7ZzwUrwamcGQuHSzDyth9boKDaycYdDcZDuqYATXw4HFXgaqWTctW/v1HA==
  dependencies:
    lru-cache "^10.2.0"
    minipass "^5.0.0 || ^6.0.2 || ^7.0.0"

possible-typed-array-names@^1.0.0:
  version "1.1.0"
  resolved "https://registry.npmjs.org/possible-typed-array-names/-/possible-typed-array-names-1.1.0.tgz"
  integrity sha512-/+5VFTchJDoVj3bhoqi6UeymcD00DAwb1nJwamzPvHEszJ4FpF6SNNbUbOS8yI56qHzdV8eK0qEfOSiodkTdxg==

prettier@^2.5.1:
  version "2.8.8"
  resolved "https://registry.npmjs.org/prettier/-/prettier-2.8.8.tgz"
  integrity sha512-tdN8qQGvNjw4CHbY+XXk0JgCXn9QiF21a55rBe5LJAU+kDyC4WQn4+awm2Xfk2lQMk5fKup9XgzTZtGkjBdP9Q==

prettier@^3.3.3:
  version "3.5.0"
  resolved "https://registry.npmjs.org/prettier/-/prettier-3.5.0.tgz"
  integrity sha512-quyMrVt6svPS7CjQ9gKb3GLEX/rl3BCL2oa/QkNcXv4YNVBC9olt3s+H7ukto06q7B1Qz46PbrKLO34PR6vXcA==

regenerator-runtime@^0.14.0:
  version "0.14.1"
  resolved "https://registry.npmjs.org/regenerator-runtime/-/regenerator-runtime-0.14.1.tgz"
  integrity sha512-dYnhHh0nJoMfnkZs6GmmhFknAGRrLznOu5nc9ML+EJxGvrx6H7teuevqVqCuPcPK//3eDrrjQhehXVx9cnkGdw==

rimraf@^5.0.5:
  version "5.0.10"
  resolved "https://registry.npmjs.org/rimraf/-/rimraf-5.0.10.tgz"
  integrity sha512-l0OE8wL34P4nJH/H2ffoaniAokM2qSmrtXHmlpvYr5AVVX8msAyW0l8NVJFDxlSK4u3Uh/f41cQheDVdnYijwQ==
  dependencies:
    glob "^10.3.7"

rpc-websockets@^9.0.2, rpc-websockets@^9.0.4:
  version "9.0.4"
  resolved "https://registry.npmjs.org/rpc-websockets/-/rpc-websockets-9.0.4.tgz"
  integrity sha512-yWZWN0M+bivtoNLnaDbtny4XchdAIF5Q4g/ZsC5UC61Ckbp0QczwO8fg44rV3uYmY4WHd+EZQbn90W1d8ojzqQ==
  dependencies:
    "@swc/helpers" "^0.5.11"
    "@types/uuid" "^8.3.4"
    "@types/ws" "^8.2.2"
    buffer "^6.0.3"
    eventemitter3 "^5.0.1"
    uuid "^8.3.2"
    ws "^8.5.0"
  optionalDependencies:
    bufferutil "^4.0.1"
    utf-8-validate "^5.0.2"

safe-buffer@^5.0.1:
  version "5.2.1"
  resolved "https://registry.npmjs.org/safe-buffer/-/safe-buffer-5.2.1.tgz"
  integrity sha512-rp3So07KcdmmKbGvgaNxQSJr7bGVSVk5S9Eq1F+ppbRo70+YeaDxkw5Dd8NPN+GD6bjnYm2VuPuCXmpuYvmCXQ==

safe-regex-test@^1.1.0:
  version "1.1.0"
  resolved "https://registry.npmjs.org/safe-regex-test/-/safe-regex-test-1.1.0.tgz"
  integrity sha512-x/+Cz4YrimQxQccJf5mKEbIa1NzeCRNI5Ecl/ekmlYaampdNLPalVyIcCZNNH3MvmqBugV5TMYZXv0ljslUlaw==
  dependencies:
    call-bound "^1.0.2"
    es-errors "^1.3.0"
    is-regex "^1.2.1"

semver@^7.3.7:
  version "7.7.1"
  resolved "https://registry.npmjs.org/semver/-/semver-7.7.1.tgz"
  integrity sha512-hlq8tAfn0m/61p4BVRcPzIGr6LKiMwo4VM6dGi6pt4qcRkmNzTcWq6eCEjEh+qXjkMDvPlOFFSGwQjoEa6gyMA==

set-function-length@^1.2.2:
  version "1.2.2"
  resolved "https://registry.npmjs.org/set-function-length/-/set-function-length-1.2.2.tgz"
  integrity sha512-pgRc4hJ4/sNjWCSS9AmnS40x3bNMDTknHgL5UaMBTMyJnU90EgWh1Rz+MC9eFu4BuN/UwZjKQuY/1v3rM7HMfg==
  dependencies:
    define-data-property "^1.1.4"
    es-errors "^1.3.0"
    function-bind "^1.1.2"
    get-intrinsic "^1.2.4"
    gopd "^1.0.1"
    has-property-descriptors "^1.0.2"

shebang-command@^2.0.0:
  version "2.0.0"
  resolved "https://registry.npmjs.org/shebang-command/-/shebang-command-2.0.0.tgz"
  integrity sha512-kHxr2zZpYtdmrN1qDjrrX/Z1rR1kG8Dx+gkpK1G4eXmvXswmcE1hTWBWYUzlraYw1/yZp6YuDY77YtvbN0dmDA==
  dependencies:
    shebang-regex "^3.0.0"

shebang-regex@^3.0.0:
  version "3.0.0"
  resolved "https://registry.npmjs.org/shebang-regex/-/shebang-regex-3.0.0.tgz"
  integrity sha512-7++dFhtcx3353uBaq8DDR4NuxBetBzC7ZQOhmTQInHEd6bSrXdiEyzCvG07Z44UYdLShWUyXt5M/yhz8ekcb1A==

shiki@^0.14.7:
  version "0.14.7"
  resolved "https://registry.npmjs.org/shiki/-/shiki-0.14.7.tgz"
  integrity sha512-dNPAPrxSc87ua2sKJ3H5dQ/6ZaY8RNnaAqK+t0eG7p0Soi2ydiqbGOTaZCqaYvA/uZYfS1LJnemt3Q+mSfcPCg==
  dependencies:
    ansi-sequence-parser "^1.1.0"
    jsonc-parser "^3.2.0"
    vscode-oniguruma "^1.7.0"
    vscode-textmate "^8.0.0"

signal-exit@^4.0.1:
  version "4.1.0"
  resolved "https://registry.npmjs.org/signal-exit/-/signal-exit-4.1.0.tgz"
  integrity sha512-bzyZ1e88w9O1iNJbKnOlvYTrWPDl46O1bG0D3XInv+9tkPrxrN8jUUTiFlDkkmKWgn1M6CfIA13SuGqOa9Korw==

snake-case@^3.0.4:
  version "3.0.4"
  resolved "https://registry.npmjs.org/snake-case/-/snake-case-3.0.4.tgz"
  integrity sha512-LAOh4z89bGQvl9pFfNF8V146i7o7/CqFPbqzYgP+yYzDIDeS9HaNFtXABamRW+AQzEVODcvE79ljJ+8a9YSdMg==
  dependencies:
    dot-case "^3.0.4"
    tslib "^2.0.3"

source-map@^0.6.1:
  version "0.6.1"
  resolved "https://registry.npmjs.org/source-map/-/source-map-0.6.1.tgz"
  integrity sha512-UjgapumWlbMhkBgzT7Ykc5YXUT46F0iKu8SGXq0bcwP5dz/h0Plj6enJqjz1Zbq2l5WaqYnrVbwWOWMyF3F47g==

spok@^1.4.3:
  version "1.5.5"
  resolved "https://registry.npmjs.org/spok/-/spok-1.5.5.tgz"
  integrity sha512-IrJIXY54sCNFASyHPOY+jEirkiJ26JDqsGiI0Dvhwcnkl0PEWi1PSsrkYql0rzDw8LFVTcA7rdUCAJdE2HE+2Q==
  dependencies:
    ansicolors "~0.3.2"
    find-process "^1.4.7"

"string-width-cjs@npm:string-width@^4.2.0":
  version "4.2.3"
  resolved "https://registry.npmjs.org/string-width/-/string-width-4.2.3.tgz"
  integrity sha512-wKyQRQpjJ0sIp62ErSZdGsjMJWsap5oRNihHhu6G7JVO/9jIB6UyevL+tXuOqrng8j/cxKTWyWUwvSTriiZz/g==
  dependencies:
    emoji-regex "^8.0.0"
    is-fullwidth-code-point "^3.0.0"
    strip-ansi "^6.0.1"

string-width@^4.1.0:
  version "4.2.3"
  resolved "https://registry.npmjs.org/string-width/-/string-width-4.2.3.tgz"
  integrity sha512-wKyQRQpjJ0sIp62ErSZdGsjMJWsap5oRNihHhu6G7JVO/9jIB6UyevL+tXuOqrng8j/cxKTWyWUwvSTriiZz/g==
  dependencies:
    emoji-regex "^8.0.0"
    is-fullwidth-code-point "^3.0.0"
    strip-ansi "^6.0.1"

string-width@^5.0.1, string-width@^5.1.2:
  version "5.1.2"
  resolved "https://registry.npmjs.org/string-width/-/string-width-5.1.2.tgz"
  integrity sha512-HnLOCR3vjcY8beoNLtcjZ5/nxn2afmME6lhrDrebokqMap+XbeW8n9TXpPDOqdGK5qcI3oT0GKTW6wC7EMiVqA==
  dependencies:
    eastasianwidth "^0.2.0"
    emoji-regex "^9.2.2"
    strip-ansi "^7.0.1"

"strip-ansi-cjs@npm:strip-ansi@^6.0.1":
  version "6.0.1"
  resolved "https://registry.npmjs.org/strip-ansi/-/strip-ansi-6.0.1.tgz"
  integrity sha512-Y38VPSHcqkFrCpFnQ9vuSXmquuv5oXOKpGeT6aGrr3o3Gc9AlVa6JBfUSOCnbxGGZF+/0ooI7KrPuUSztUdU5A==
  dependencies:
    ansi-regex "^5.0.1"

strip-ansi@^6.0.0, strip-ansi@^6.0.1:
  version "6.0.1"
  resolved "https://registry.npmjs.org/strip-ansi/-/strip-ansi-6.0.1.tgz"
  integrity sha512-Y38VPSHcqkFrCpFnQ9vuSXmquuv5oXOKpGeT6aGrr3o3Gc9AlVa6JBfUSOCnbxGGZF+/0ooI7KrPuUSztUdU5A==
  dependencies:
    ansi-regex "^5.0.1"

strip-ansi@^7.0.1:
  version "7.1.0"
  resolved "https://registry.npmjs.org/strip-ansi/-/strip-ansi-7.1.0.tgz"
  integrity sha512-iq6eVVI64nQQTRYq2KtEg2d2uU7LElhTJwsH4YzIHZshxlgZms/wIc4VoDQTlG/IvVIrBKG06CrZnp0qv7hkcQ==
  dependencies:
    ansi-regex "^6.0.1"

superstruct@^0.15.4:
  version "0.15.5"
  resolved "https://registry.npmjs.org/superstruct/-/superstruct-0.15.5.tgz"
  integrity sha512-4AOeU+P5UuE/4nOUkmcQdW5y7i9ndt1cQd/3iUe+LTz3RxESf/W/5lg4B74HbDMMv8PHnPnGCQFH45kBcrQYoQ==

superstruct@^2.0.2:
  version "2.0.2"
  resolved "https://registry.npmjs.org/superstruct/-/superstruct-2.0.2.tgz"
  integrity sha512-uV+TFRZdXsqXTL2pRvujROjdZQ4RAlBUS5BTh9IGm+jTqQntYThciG/qu57Gs69yjnVUSqdxF9YLmSnpupBW9A==

supports-color@^7.1.0:
  version "7.2.0"
  resolved "https://registry.npmjs.org/supports-color/-/supports-color-7.2.0.tgz"
  integrity sha512-qpCAvRl9stuOHveKsn7HncJRvv501qIacKzQlO/+Lwxc9+0q2wLyv4Dfvt80/DPn2pqOBsJdDiogXGR9+OvwRw==
  dependencies:
    has-flag "^4.0.0"

text-encoding-utf-8@^1.0.2:
  version "1.0.2"
  resolved "https://registry.npmjs.org/text-encoding-utf-8/-/text-encoding-utf-8-1.0.2.tgz"
  integrity sha512-8bw4MY9WjdsD2aMtO0OzOCY3pXGYNx2d2FfHRVUKkiCPDWjKuOlhLVASS+pD7VkLTVjW268LYJHwsnPFlBpbAg==

text-table@^0.2.0:
  version "0.2.0"
  resolved "https://registry.npmjs.org/text-table/-/text-table-0.2.0.tgz"
  integrity sha512-N+8UisAXDGk8PFXP4HAzVR9nbfmVJ3zYLAWiTIoqC5v5isinhr+r5uaO8+7r3BMfuNIufIsA7RdpVgacC2cSpw==

"through@>=2.2.7 <3":
  version "2.3.8"
  resolved "https://registry.npmjs.org/through/-/through-2.3.8.tgz"
  integrity sha512-w89qg7PI8wAdvX60bMDP+bFoD5Dvhm9oLheFp5O4a2QF0cSBGsBX4qZmadPMvVqlLJBBci+WqGGOAPvcDeNSVg==

toml@^3.0.0:
  version "3.0.0"
  resolved "https://registry.npmjs.org/toml/-/toml-3.0.0.tgz"
  integrity sha512-y/mWCZinnvxjTKYhJ+pYxwD0mRLVvOtdS2Awbgxln6iEnt4rk0yBxeSBHkGJcPucRiG0e55mwWp+g/05rsrd6w==

tr46@~0.0.3:
  version "0.0.3"
  resolved "https://registry.npmjs.org/tr46/-/tr46-0.0.3.tgz"
  integrity sha512-N3WMsuqV66lT30CrXNbEjx4GEwlow3v6rr4mCcv6prnfwhS01rkgyFdjPNBYd9br7LpXV1+Emh01fHnq2Gdgrw==

tslib@^2.0.3, tslib@^2.8.0:
  version "2.8.1"
  resolved "https://registry.npmjs.org/tslib/-/tslib-2.8.1.tgz"
  integrity sha512-oJFu94HQb+KVduSUQL7wnpmqnfmLsOA/nAh6b6EH0wCEoK0/mPeXU6c3wKDV83MkOuHPRHtSXKKU99IBazS/2w==

typedoc-plugin-markdown@^3.17.1:
  version "3.17.1"
  resolved "https://registry.npmjs.org/typedoc-plugin-markdown/-/typedoc-plugin-markdown-3.17.1.tgz"
  integrity sha512-QzdU3fj0Kzw2XSdoL15ExLASt2WPqD7FbLeaqwT70+XjKyTshBnUlQA5nNREO1C2P8Uen0CDjsBLMsCQ+zd0lw==
  dependencies:
    handlebars "^4.7.7"

typedoc@^0.25.4, typedoc@>=0.24.0:
  version "0.25.13"
  resolved "https://registry.npmjs.org/typedoc/-/typedoc-0.25.13.tgz"
  integrity sha512-pQqiwiJ+Z4pigfOnnysObszLiU3mVLWAExSPf+Mu06G/qsc3wzbuM56SZQvONhHLncLUhYzOVkjFFpFfL5AzhQ==
  dependencies:
    lunr "^2.3.9"
    marked "^4.3.0"
    minimatch "^9.0.3"
    shiki "^0.14.7"

typescript@^4.5.5, "typescript@4.6.x || 4.7.x || 4.8.x || 4.9.x || 5.0.x || 5.1.x || 5.2.x || 5.3.x || 5.4.x":
  version "4.9.5"
  resolved "https://registry.npmjs.org/typescript/-/typescript-4.9.5.tgz"
  integrity sha512-1FXk9E2Hm+QzZQ7z+McJiHL4NW1F2EzMu9Nq9i3zAaGqibafqYwCVU6WyWAuyQRRzOlxou8xZSyXLEN8oKj24g==

uglify-js@^3.1.4:
  version "3.19.3"
  resolved "https://registry.npmjs.org/uglify-js/-/uglify-js-3.19.3.tgz"
  integrity sha512-v3Xu+yuwBXisp6QYTcH4UbH+xYJXqnq2m/LtQVWKWzYc1iehYnLixoQDN9FH6/j9/oybfd6W9Ghwkl8+UMKTKQ==

utf-8-validate@^5.0.2, utf-8-validate@>=5.0.2:
  version "5.0.10"
  resolved "https://registry.npmjs.org/utf-8-validate/-/utf-8-validate-5.0.10.tgz"
  integrity sha512-Z6czzLq4u8fPOyx7TU6X3dvUZVvoJmxSQ+IcrlmagKhilxlhZgxPK6C5Jqbkw1IDUmFTM+cz9QDnnLTwDz/2gQ==
  dependencies:
    node-gyp-build "^4.3.0"

util@^0.12.5:
  version "0.12.5"
  resolved "https://registry.npmjs.org/util/-/util-0.12.5.tgz"
  integrity sha512-kZf/K6hEIrWHI6XqOFUiiMa+79wE/D8Q+NCNAWclkyg3b4d2k7s0QGepNjiABc+aR3N1PAyHL7p6UcLY6LmrnA==
  dependencies:
    inherits "^2.0.3"
    is-arguments "^1.0.4"
    is-generator-function "^1.0.7"
    is-typed-array "^1.1.3"
    which-typed-array "^1.1.2"

uuid@^8.3.2:
  version "8.3.2"
  resolved "https://registry.npmjs.org/uuid/-/uuid-8.3.2.tgz"
  integrity sha512-+NYs2QeMWy+GWFOEm9xnn6HCDp0l7QBD7ml8zLUmJ+93Q5NF0NocErnwkTkXVFNiX3/fpC6afS8Dhb/gz7R7eg==

vscode-oniguruma@^1.7.0:
  version "1.7.0"
  resolved "https://registry.npmjs.org/vscode-oniguruma/-/vscode-oniguruma-1.7.0.tgz"
  integrity sha512-L9WMGRfrjOhgHSdOYgCt/yRMsXzLDJSL7BPrOZt73gU0iWO4mpqzqQzOz5srxqTvMBaR0XZTSrVWo4j55Rc6cA==

vscode-textmate@^8.0.0:
  version "8.0.0"
  resolved "https://registry.npmjs.org/vscode-textmate/-/vscode-textmate-8.0.0.tgz"
  integrity sha512-AFbieoL7a5LMqcnOF04ji+rpXadgOXnZsxQr//r83kLPr7biP7am3g9zbaZIaBGwBRWeSvoMD4mgPdX3e4NWBg==

webidl-conversions@^3.0.0:
  version "3.0.1"
  resolved "https://registry.npmjs.org/webidl-conversions/-/webidl-conversions-3.0.1.tgz"
  integrity sha512-2JAn3z8AR6rjK8Sm8orRC0h/bcl/DqL7tRPdGZ4I1CjdF+EaMLmYxBHyXuKL849eucPFhvBoxMsflfOb8kxaeQ==

whatwg-url@^5.0.0:
  version "5.0.0"
  resolved "https://registry.npmjs.org/whatwg-url/-/whatwg-url-5.0.0.tgz"
  integrity sha512-saE57nupxk6v3HY35+jzBwYa0rKSy0XR8JSxZPwgLr7ys0IBzhGviA1/TUGJLmSVqs8pb9AnvICXEuOHLprYTw==
  dependencies:
    tr46 "~0.0.3"
    webidl-conversions "^3.0.0"

which-typed-array@^1.1.16, which-typed-array@^1.1.2:
  version "1.1.18"
  resolved "https://registry.npmjs.org/which-typed-array/-/which-typed-array-1.1.18.tgz"
  integrity sha512-qEcY+KJYlWyLH9vNbsr6/5j59AXk5ni5aakf8ldzBvGde6Iz4sxZGkJyWSAueTG7QhOvNRYb1lDdFmL5Td0QKA==
  dependencies:
    available-typed-arrays "^1.0.7"
    call-bind "^1.0.8"
    call-bound "^1.0.3"
    for-each "^0.3.3"
    gopd "^1.2.0"
    has-tostringtag "^1.0.2"

which@^2.0.1:
  version "2.0.2"
  resolved "https://registry.npmjs.org/which/-/which-2.0.2.tgz"
  integrity sha512-BLI3Tl1TW3Pvl70l3yq3Y64i+awpwXqsGBYWkkqMtnbXgrMD+yj7rhW0kuEDxzJaYXGjEW5ogapKNMEKNMjibA==
  dependencies:
    isexe "^2.0.0"

wordwrap@^1.0.0:
  version "1.0.0"
  resolved "https://registry.npmjs.org/wordwrap/-/wordwrap-1.0.0.tgz"
  integrity sha512-gvVzJFlPycKc5dZN4yPkP8w7Dc37BtP1yczEneOb4uq34pXZcvrtRTmWV8W+Ume+XCxKgbjM+nevkyFPMybd4Q==

"wrap-ansi-cjs@npm:wrap-ansi@^7.0.0":
  version "7.0.0"
  resolved "https://registry.npmjs.org/wrap-ansi/-/wrap-ansi-7.0.0.tgz"
  integrity sha512-YVGIj2kamLSTxw6NsZjoBxfSwsn0ycdesmc4p+Q21c5zPuZ1pl+NfxVdxPtdHvmNVOQ6XSYG4AUtyt/Fi7D16Q==
  dependencies:
    ansi-styles "^4.0.0"
    string-width "^4.1.0"
    strip-ansi "^6.0.0"

wrap-ansi@^8.1.0:
  version "8.1.0"
  resolved "https://registry.npmjs.org/wrap-ansi/-/wrap-ansi-8.1.0.tgz"
  integrity sha512-si7QWI6zUMq56bESFvagtmzMdGOtoxfR+Sez11Mobfc7tm+VkUckk9bW2UeffTGVUbOksxmSw0AA2gs8g71NCQ==
  dependencies:
    ansi-styles "^6.1.0"
    string-width "^5.0.1"
    strip-ansi "^7.0.1"

ws@*, ws@^7.5.10:
  version "7.5.10"
  resolved "https://registry.npmjs.org/ws/-/ws-7.5.10.tgz"
  integrity sha512-+dbF1tHwZpXcbOJdVOkzLDxZP1ailvSxM6ZweXTegylPny803bFhA+vqBYw4s31NSAk4S2Qz+AKXK9a4wkdjcQ==

ws@^8.5.0:
  version "8.18.0"
  resolved "https://registry.npmjs.org/ws/-/ws-8.18.0.tgz"
  integrity sha512-8VbfWfHLbbwu3+N6OKsOMpBdT4kXPDDB9cJk2bJ6mh9ucxdlnNvH1e+roYkKmN9Nxw2yjz7VzeO9oOz2zJ04Pw==
